
Microsoft Visual Studio Solution File, Format Version 12.00
# Visual Studio Version 17
VisualStudioVersion = 17.1.32210.238
MinimumVisualStudioVersion = 10.0.40219.1
Project("{FAE04EC0-301F-11D3-BF4B-00C04F79EFBC}") = "LoanApp", "LoanApp\LoanApp.csproj", "{1C0E9F85-0736-4C51-8AF7-A14BA74AE5D4}"
EndProject
Project("{FAE04EC0-301F-11D3-BF4B-00C04F79EFBC}") = "Contracts", "Contracts\Contracts.csproj", "{AF2E5E00-12F3-4EFB-BE3A-EEAA10DDD1AB}"
EndProject
Project("{FAE04EC0-301F-11D3-BF4B-00C04F79EFBC}") = "LoggerService", "LoggerService\LoggerService.csproj", "{B4E0A6A5-BABD-4CA1-9EF8-856F143B2C30}"
EndProject
Project("{FAE04EC0-301F-11D3-BF4B-00C04F79EFBC}") = "Entities", "Entities\Entities.csproj", "{00BBA3DB-A488-46F3-9073-CD96A8EA559E}"
EndProject
Global
	GlobalSection(SolutionConfigurationPlatforms) = preSolution
		Debug|Any CPU = Debug|Any CPU
		Release|Any CPU = Release|Any CPU
	EndGlobalSection
	GlobalSection(ProjectConfigurationPlatforms) = postSolution
		{1C0E9F85-0736-4C51-8AF7-A14BA74AE5D4}.Debug|Any CPU.ActiveCfg = Debug|Any CPU
		{1C0E9F85-0736-4C51-8AF7-A14BA74AE5D4}.Debug|Any CPU.Build.0 = Debug|Any CPU
		{1C0E9F85-0736-4C51-8AF7-A14BA74AE5D4}.Release|Any CPU.ActiveCfg = Release|Any CPU
		{1C0E9F85-0736-4C51-8AF7-A14BA74AE5D4}.Release|Any CPU.Build.0 = Release|Any CPU
		{AF2E5E00-12F3-4EFB-BE3A-EEAA10DDD1AB}.Debug|Any CPU.ActiveCfg = Debug|Any CPU
		{AF2E5E00-12F3-4EFB-BE3A-EEAA10DDD1AB}.Debug|Any CPU.Build.0 = Debug|Any CPU
		{AF2E5E00-12F3-4EFB-BE3A-EEAA10DDD1AB}.Release|Any CPU.ActiveCfg = Release|Any CPU
		{AF2E5E00-12F3-4EFB-BE3A-EEAA10DDD1AB}.Release|Any CPU.Build.0 = Release|Any CPU
		{B4E0A6A5-BABD-4CA1-9EF8-856F143B2C30}.Debug|Any CPU.ActiveCfg = Debug|Any CPU
		{B4E0A6A5-BABD-4CA1-9EF8-856F143B2C30}.Debug|Any CPU.Build.0 = Debug|Any CPU
		{B4E0A6A5-BABD-4CA1-9EF8-856F143B2C30}.Release|Any CPU.ActiveCfg = Release|Any CPU
		{B4E0A6A5-BABD-4CA1-9EF8-856F143B2C30}.Release|Any CPU.Build.0 = Release|Any CPU
		{00BBA3DB-A488-46F3-9073-CD96A8EA559E}.Debug|Any CPU.ActiveCfg = Debug|Any CPU
		{00BBA3DB-A488-46F3-9073-CD96A8EA559E}.Debug|Any CPU.Build.0 = Debug|Any CPU
		{00BBA3DB-A488-46F3-9073-CD96A8EA559E}.Release|Any CPU.ActiveCfg = Release|Any CPU
		{00BBA3DB-A488-46F3-9073-CD96A8EA559E}.Release|Any CPU.Build.0 = Release|Any CPU
	EndGlobalSection
	GlobalSection(SolutionProperties) = preSolution
		HideSolutionNode = FALSE
	EndGlobalSection
	GlobalSection(ExtensibilityGlobals) = postSolution
		SolutionGuid = {281AF3CE-555A-4A0C-878E-DAFBE972C9F3}
	EndGlobalSection
EndGlobal
